
Microsoft Visual Studio Solution File, Format Version 12.00
# Visual Studio 15
VisualStudioVersion = 15.0.28307.421
MinimumVisualStudioVersion = 10.0.40219.1
Project("{888888A0-9F3D-457C-B088-3A5042F75D52}") = "PythonApplication1", "PythonApplication1.pyproj", "{DCC05177-5A3B-4B23-BF76-53929F6D20F3}"
EndProject
Global
	GlobalSection(SolutionConfigurationPlatforms) = preSolution
		Debug|Any CPU = Debug|Any CPU
		Release|Any CPU = Release|Any CPU
		s|Any CPU = s|Any CPU
	EndGlobalSection
	GlobalSection(ProjectConfigurationPlatforms) = postSolution
		{DCC05177-5A3B-4B23-BF76-53929F6D20F3}.Debug|Any CPU.ActiveCfg = Debug|Any CPU
		{DCC05177-5A3B-4B23-BF76-53929F6D20F3}.Release|Any CPU.ActiveCfg = Release|Any CPU
		{DCC05177-5A3B-4B23-BF76-53929F6D20F3}.s|Any CPU.ActiveCfg = Release|Any CPU
	EndGlobalSection
	GlobalSection(SolutionProperties) = preSolution
		HideSolutionNode = FALSE
	EndGlobalSection
	GlobalSection(ExtensibilityGlobals) = postSolution
		SolutionGuid = {A60BDD9C-B193-4626-AA61-07C428308FE6}
	EndGlobalSection
EndGlobal
